
Microsoft Visual Studio Solution File, Format Version 12.00
# Visual Studio Express 2012 for Windows Desktop
Project("{FAE04EC0-301F-11D3-BF4B-00C04F79EFBC}") = "BVEEditor", "Src\Main\BVEEditor\BVEEditor.csproj", "{DC866CFC-7115-404C-BA0C-EBEAF01709F2}"
EndProject
Project("{FAE04EC0-301F-11D3-BF4B-00C04F79EFBC}") = "BVEAssetEditor", "Src\AddIns\DisplayBindings\BVEAssetEditor\BVEAssetEditor.csproj", "{E749074A-6795-4CA0-ACDF-9E478ECA0C5E}"
EndProject
Project("{FAE04EC0-301F-11D3-BF4B-00C04F79EFBC}") = "ICSharpCode.Core", "Src\Main\Core\Project\ICSharpCode.Core.csproj", "{35CEF10F-2D4C-45F2-9DD1-161E0FEC583C}"
EndProject
Project("{FAE04EC0-301F-11D3-BF4B-00C04F79EFBC}") = "BVEEditor.Core", "Src\Main\BVEEditor.Core\BVEEditor.Core.csproj", "{DF868466-A67A-438D-85AA-E438597BA457}"
EndProject
Project("{FAE04EC0-301F-11D3-BF4B-00C04F79EFBC}") = "Core.Presentation", "Src\Main\Core.Presentation\Core.Presentation.csproj", "{A8264EFB-BF01-4901-9154-1839AE2B7276}"
EndProject
Project("{FAE04EC0-301F-11D3-BF4B-00C04F79EFBC}") = "ICSharpCode.AvalonEdit", "Src\Libraries\AvalonEdit\ICSharpCode.AvalonEdit\ICSharpCode.AvalonEdit.csproj", "{6C55B776-26D4-4DB3-A6AB-87E783B2F3D1}"
EndProject
Project("{FAE04EC0-301F-11D3-BF4B-00C04F79EFBC}") = "AvalonEdit.AddIn", "Src\AddIns\DisplayBindings\AvalonEdit.AddIn\AvalonEdit.AddIn.csproj", "{0162E499-42D0-409B-AA25-EED21F75336B}"
EndProject
Project("{FAE04EC0-301F-11D3-BF4B-00C04F79EFBC}") = "ICSharpCode.SharpDevelop.Widgets", "Src\Main\ICSharpCode.SharpDevelop.Widgets\Project\ICSharpCode.SharpDevelop.Widgets.csproj", "{8035765F-D51F-4A0C-A746-2FD100E19419}"
EndProject
Project("{FAE04EC0-301F-11D3-BF4B-00C04F79EFBC}") = "BVEEditor.Themes", "Src\Main\BVEEditor.Themes\BVEEditor.Themes.csproj", "{2EEA953D-E2D9-4E2A-890E-63BE7590A0B8}"
EndProject
Project("{FAE04EC0-301F-11D3-BF4B-00C04F79EFBC}") = "BVEBinding", "Src\AddIns\LanguageBindings\BVEBinding\BVEBinding\BVEBinding.csproj", "{195805F7-6B96-42A2-A60A-412F589AD0E1}"
EndProject
Project("{FAE04EC0-301F-11D3-BF4B-00C04F79EFBC}") = "BVE5Language", "Src\AddIns\LanguageBindings\BVEBinding\BVE5Parser\BVE5Language.csproj", "{22139DB6-1CBF-400C-8C80-7DEDA9278989}"
EndProject
Project("{FAE04EC0-301F-11D3-BF4B-00C04F79EFBC}") = "BVE5RouteGenerateHelper", "Src\AddIns\LanguageBindings\BVEBinding\BVE5RouteGenerateHelper\BVE5RouteGenerateHelper.csproj", "{A8FC43AF-88B0-41AD-A090-2E5C74EAE408}"
EndProject
Project("{FAE04EC0-301F-11D3-BF4B-00C04F79EFBC}") = "ICSharpCode.NRefactory", "Src\Libraries\NRefactory\ICSharpCode.NRefactory\ICSharpCode.NRefactory.csproj", "{3B2A5653-EC97-4001-BB9B-D90F1AF2C371}"
EndProject
Project("{FAE04EC0-301F-11D3-BF4B-00C04F79EFBC}") = "BVE5Tests", "Src\AddIns\LanguageBindings\BVEBinding\BVE5Tests\BVE5Tests.csproj", "{1DBBEDC1-9E99-4733-89F2-55A71AE108DF}"
EndProject
Global
	GlobalSection(SolutionConfigurationPlatforms) = preSolution
		Debug|Any CPU = Debug|Any CPU
		net_4_5_Debug|Any CPU = net_4_5_Debug|Any CPU
		net_4_5_Release|Any CPU = net_4_5_Release|Any CPU
		Release|Any CPU = Release|Any CPU
	EndGlobalSection
	GlobalSection(ProjectConfigurationPlatforms) = postSolution
		{DC866CFC-7115-404C-BA0C-EBEAF01709F2}.Debug|Any CPU.ActiveCfg = Debug|Any CPU
		{DC866CFC-7115-404C-BA0C-EBEAF01709F2}.Debug|Any CPU.Build.0 = Debug|Any CPU
		{DC866CFC-7115-404C-BA0C-EBEAF01709F2}.net_4_5_Debug|Any CPU.ActiveCfg = Debug|Any CPU
		{DC866CFC-7115-404C-BA0C-EBEAF01709F2}.net_4_5_Debug|Any CPU.Build.0 = Debug|Any CPU
		{DC866CFC-7115-404C-BA0C-EBEAF01709F2}.net_4_5_Release|Any CPU.ActiveCfg = Release|Any CPU
		{DC866CFC-7115-404C-BA0C-EBEAF01709F2}.net_4_5_Release|Any CPU.Build.0 = Release|Any CPU
		{DC866CFC-7115-404C-BA0C-EBEAF01709F2}.Release|Any CPU.ActiveCfg = Release|Any CPU
		{DC866CFC-7115-404C-BA0C-EBEAF01709F2}.Release|Any CPU.Build.0 = Release|Any CPU
		{E749074A-6795-4CA0-ACDF-9E478ECA0C5E}.Debug|Any CPU.ActiveCfg = Debug|Any CPU
		{E749074A-6795-4CA0-ACDF-9E478ECA0C5E}.Debug|Any CPU.Build.0 = Debug|Any CPU
		{E749074A-6795-4CA0-ACDF-9E478ECA0C5E}.net_4_5_Debug|Any CPU.ActiveCfg = Debug|Any CPU
		{E749074A-6795-4CA0-ACDF-9E478ECA0C5E}.net_4_5_Debug|Any CPU.Build.0 = Debug|Any CPU
		{E749074A-6795-4CA0-ACDF-9E478ECA0C5E}.net_4_5_Release|Any CPU.ActiveCfg = Release|Any CPU
		{E749074A-6795-4CA0-ACDF-9E478ECA0C5E}.net_4_5_Release|Any CPU.Build.0 = Release|Any CPU
		{E749074A-6795-4CA0-ACDF-9E478ECA0C5E}.Release|Any CPU.ActiveCfg = Release|Any CPU
		{E749074A-6795-4CA0-ACDF-9E478ECA0C5E}.Release|Any CPU.Build.0 = Release|Any CPU
		{35CEF10F-2D4C-45F2-9DD1-161E0FEC583C}.Debug|Any CPU.ActiveCfg = Debug|Any CPU
		{35CEF10F-2D4C-45F2-9DD1-161E0FEC583C}.Debug|Any CPU.Build.0 = Debug|Any CPU
		{35CEF10F-2D4C-45F2-9DD1-161E0FEC583C}.net_4_5_Debug|Any CPU.ActiveCfg = Debug|Any CPU
		{35CEF10F-2D4C-45F2-9DD1-161E0FEC583C}.net_4_5_Debug|Any CPU.Build.0 = Debug|Any CPU
		{35CEF10F-2D4C-45F2-9DD1-161E0FEC583C}.net_4_5_Release|Any CPU.ActiveCfg = Release|Any CPU
		{35CEF10F-2D4C-45F2-9DD1-161E0FEC583C}.net_4_5_Release|Any CPU.Build.0 = Release|Any CPU
		{35CEF10F-2D4C-45F2-9DD1-161E0FEC583C}.Release|Any CPU.ActiveCfg = Release|Any CPU
		{35CEF10F-2D4C-45F2-9DD1-161E0FEC583C}.Release|Any CPU.Build.0 = Release|Any CPU
		{DF868466-A67A-438D-85AA-E438597BA457}.Debug|Any CPU.ActiveCfg = Debug|Any CPU
		{DF868466-A67A-438D-85AA-E438597BA457}.Debug|Any CPU.Build.0 = Debug|Any CPU
		{DF868466-A67A-438D-85AA-E438597BA457}.net_4_5_Debug|Any CPU.ActiveCfg = Debug|Any CPU
		{DF868466-A67A-438D-85AA-E438597BA457}.net_4_5_Debug|Any CPU.Build.0 = Debug|Any CPU
		{DF868466-A67A-438D-85AA-E438597BA457}.net_4_5_Release|Any CPU.ActiveCfg = Release|Any CPU
		{DF868466-A67A-438D-85AA-E438597BA457}.net_4_5_Release|Any CPU.Build.0 = Release|Any CPU
		{DF868466-A67A-438D-85AA-E438597BA457}.Release|Any CPU.ActiveCfg = Release|Any CPU
		{DF868466-A67A-438D-85AA-E438597BA457}.Release|Any CPU.Build.0 = Release|Any CPU
		{A8264EFB-BF01-4901-9154-1839AE2B7276}.Debug|Any CPU.ActiveCfg = Debug|Any CPU
		{A8264EFB-BF01-4901-9154-1839AE2B7276}.Debug|Any CPU.Build.0 = Debug|Any CPU
		{A8264EFB-BF01-4901-9154-1839AE2B7276}.net_4_5_Debug|Any CPU.ActiveCfg = Debug|Any CPU
		{A8264EFB-BF01-4901-9154-1839AE2B7276}.net_4_5_Debug|Any CPU.Build.0 = Debug|Any CPU
		{A8264EFB-BF01-4901-9154-1839AE2B7276}.net_4_5_Release|Any CPU.ActiveCfg = Release|Any CPU
		{A8264EFB-BF01-4901-9154-1839AE2B7276}.net_4_5_Release|Any CPU.Build.0 = Release|Any CPU
		{A8264EFB-BF01-4901-9154-1839AE2B7276}.Release|Any CPU.ActiveCfg = Release|Any CPU
		{A8264EFB-BF01-4901-9154-1839AE2B7276}.Release|Any CPU.Build.0 = Release|Any CPU
		{6C55B776-26D4-4DB3-A6AB-87E783B2F3D1}.Debug|Any CPU.ActiveCfg = Debug|Any CPU
		{6C55B776-26D4-4DB3-A6AB-87E783B2F3D1}.Debug|Any CPU.Build.0 = Debug|Any CPU
		{6C55B776-26D4-4DB3-A6AB-87E783B2F3D1}.net_4_5_Debug|Any CPU.ActiveCfg = Debug|Any CPU
		{6C55B776-26D4-4DB3-A6AB-87E783B2F3D1}.net_4_5_Debug|Any CPU.Build.0 = Debug|Any CPU
		{6C55B776-26D4-4DB3-A6AB-87E783B2F3D1}.net_4_5_Release|Any CPU.ActiveCfg = Release|Any CPU
		{6C55B776-26D4-4DB3-A6AB-87E783B2F3D1}.net_4_5_Release|Any CPU.Build.0 = Release|Any CPU
		{6C55B776-26D4-4DB3-A6AB-87E783B2F3D1}.Release|Any CPU.ActiveCfg = Release|Any CPU
		{6C55B776-26D4-4DB3-A6AB-87E783B2F3D1}.Release|Any CPU.Build.0 = Release|Any CPU
		{0162E499-42D0-409B-AA25-EED21F75336B}.Debug|Any CPU.ActiveCfg = Debug|Any CPU
		{0162E499-42D0-409B-AA25-EED21F75336B}.Debug|Any CPU.Build.0 = Debug|Any CPU
		{0162E499-42D0-409B-AA25-EED21F75336B}.net_4_5_Debug|Any CPU.ActiveCfg = Debug|Any CPU
		{0162E499-42D0-409B-AA25-EED21F75336B}.net_4_5_Debug|Any CPU.Build.0 = Debug|Any CPU
		{0162E499-42D0-409B-AA25-EED21F75336B}.net_4_5_Release|Any CPU.ActiveCfg = Release|Any CPU
		{0162E499-42D0-409B-AA25-EED21F75336B}.net_4_5_Release|Any CPU.Build.0 = Release|Any CPU
		{0162E499-42D0-409B-AA25-EED21F75336B}.Release|Any CPU.ActiveCfg = Release|Any CPU
		{0162E499-42D0-409B-AA25-EED21F75336B}.Release|Any CPU.Build.0 = Release|Any CPU
		{8035765F-D51F-4A0C-A746-2FD100E19419}.Debug|Any CPU.ActiveCfg = Debug|Any CPU
		{8035765F-D51F-4A0C-A746-2FD100E19419}.Debug|Any CPU.Build.0 = Debug|Any CPU
		{8035765F-D51F-4A0C-A746-2FD100E19419}.net_4_5_Debug|Any CPU.ActiveCfg = Debug|Any CPU
		{8035765F-D51F-4A0C-A746-2FD100E19419}.net_4_5_Debug|Any CPU.Build.0 = Debug|Any CPU
		{8035765F-D51F-4A0C-A746-2FD100E19419}.net_4_5_Release|Any CPU.ActiveCfg = Release|Any CPU
		{8035765F-D51F-4A0C-A746-2FD100E19419}.net_4_5_Release|Any CPU.Build.0 = Release|Any CPU
		{8035765F-D51F-4A0C-A746-2FD100E19419}.Release|Any CPU.ActiveCfg = Release|Any CPU
		{8035765F-D51F-4A0C-A746-2FD100E19419}.Release|Any CPU.Build.0 = Release|Any CPU
		{2EEA953D-E2D9-4E2A-890E-63BE7590A0B8}.Debug|Any CPU.ActiveCfg = Debug|Any CPU
		{2EEA953D-E2D9-4E2A-890E-63BE7590A0B8}.Debug|Any CPU.Build.0 = Debug|Any CPU
		{2EEA953D-E2D9-4E2A-890E-63BE7590A0B8}.net_4_5_Debug|Any CPU.ActiveCfg = Debug|Any CPU
		{2EEA953D-E2D9-4E2A-890E-63BE7590A0B8}.net_4_5_Debug|Any CPU.Build.0 = Debug|Any CPU
		{2EEA953D-E2D9-4E2A-890E-63BE7590A0B8}.net_4_5_Release|Any CPU.ActiveCfg = Release|Any CPU
		{2EEA953D-E2D9-4E2A-890E-63BE7590A0B8}.net_4_5_Release|Any CPU.Build.0 = Release|Any CPU
		{2EEA953D-E2D9-4E2A-890E-63BE7590A0B8}.Release|Any CPU.ActiveCfg = Release|Any CPU
		{2EEA953D-E2D9-4E2A-890E-63BE7590A0B8}.Release|Any CPU.Build.0 = Release|Any CPU
		{195805F7-6B96-42A2-A60A-412F589AD0E1}.Debug|Any CPU.ActiveCfg = Debug|Any CPU
		{195805F7-6B96-42A2-A60A-412F589AD0E1}.Debug|Any CPU.Build.0 = Debug|Any CPU
		{195805F7-6B96-42A2-A60A-412F589AD0E1}.net_4_5_Debug|Any CPU.ActiveCfg = Debug|Any CPU
		{195805F7-6B96-42A2-A60A-412F589AD0E1}.net_4_5_Debug|Any CPU.Build.0 = Debug|Any CPU
		{195805F7-6B96-42A2-A60A-412F589AD0E1}.net_4_5_Release|Any CPU.ActiveCfg = Release|Any CPU
		{195805F7-6B96-42A2-A60A-412F589AD0E1}.net_4_5_Release|Any CPU.Build.0 = Release|Any CPU
		{195805F7-6B96-42A2-A60A-412F589AD0E1}.Release|Any CPU.ActiveCfg = Release|Any CPU
		{195805F7-6B96-42A2-A60A-412F589AD0E1}.Release|Any CPU.Build.0 = Release|Any CPU
		{22139DB6-1CBF-400C-8C80-7DEDA9278989}.Debug|Any CPU.ActiveCfg = Debug|Any CPU
		{22139DB6-1CBF-400C-8C80-7DEDA9278989}.Debug|Any CPU.Build.0 = Debug|Any CPU
		{22139DB6-1CBF-400C-8C80-7DEDA9278989}.net_4_5_Debug|Any CPU.ActiveCfg = Debug|Any CPU
		{22139DB6-1CBF-400C-8C80-7DEDA9278989}.net_4_5_Debug|Any CPU.Build.0 = Debug|Any CPU
		{22139DB6-1CBF-400C-8C80-7DEDA9278989}.net_4_5_Release|Any CPU.ActiveCfg = Release|Any CPU
		{22139DB6-1CBF-400C-8C80-7DEDA9278989}.net_4_5_Release|Any CPU.Build.0 = Release|Any CPU
		{22139DB6-1CBF-400C-8C80-7DEDA9278989}.Release|Any CPU.ActiveCfg = Release|Any CPU
		{22139DB6-1CBF-400C-8C80-7DEDA9278989}.Release|Any CPU.Build.0 = Release|Any CPU
		{A8FC43AF-88B0-41AD-A090-2E5C74EAE408}.Debug|Any CPU.ActiveCfg = Debug|Any CPU
		{A8FC43AF-88B0-41AD-A090-2E5C74EAE408}.Debug|Any CPU.Build.0 = Debug|Any CPU
		{A8FC43AF-88B0-41AD-A090-2E5C74EAE408}.net_4_5_Debug|Any CPU.ActiveCfg = Debug|Any CPU
		{A8FC43AF-88B0-41AD-A090-2E5C74EAE408}.net_4_5_Debug|Any CPU.Build.0 = Debug|Any CPU
		{A8FC43AF-88B0-41AD-A090-2E5C74EAE408}.net_4_5_Release|Any CPU.ActiveCfg = Release|Any CPU
		{A8FC43AF-88B0-41AD-A090-2E5C74EAE408}.net_4_5_Release|Any CPU.Build.0 = Release|Any CPU
		{A8FC43AF-88B0-41AD-A090-2E5C74EAE408}.Release|Any CPU.ActiveCfg = Release|Any CPU
		{A8FC43AF-88B0-41AD-A090-2E5C74EAE408}.Release|Any CPU.Build.0 = Release|Any CPU
		{3B2A5653-EC97-4001-BB9B-D90F1AF2C371}.Debug|Any CPU.ActiveCfg = Debug|Any CPU
		{3B2A5653-EC97-4001-BB9B-D90F1AF2C371}.Debug|Any CPU.Build.0 = Debug|Any CPU
		{3B2A5653-EC97-4001-BB9B-D90F1AF2C371}.net_4_5_Debug|Any CPU.ActiveCfg = net_4_5_Debug|Any CPU
		{3B2A5653-EC97-4001-BB9B-D90F1AF2C371}.net_4_5_Debug|Any CPU.Build.0 = net_4_5_Debug|Any CPU
		{3B2A5653-EC97-4001-BB9B-D90F1AF2C371}.net_4_5_Release|Any CPU.ActiveCfg = net_4_5_Release|Any CPU
		{3B2A5653-EC97-4001-BB9B-D90F1AF2C371}.net_4_5_Release|Any CPU.Build.0 = net_4_5_Release|Any CPU
		{3B2A5653-EC97-4001-BB9B-D90F1AF2C371}.Release|Any CPU.ActiveCfg = Release|Any CPU
		{3B2A5653-EC97-4001-BB9B-D90F1AF2C371}.Release|Any CPU.Build.0 = Release|Any CPU
		{1DBBEDC1-9E99-4733-89F2-55A71AE108DF}.Debug|Any CPU.ActiveCfg = Debug|Any CPU
		{1DBBEDC1-9E99-4733-89F2-55A71AE108DF}.Debug|Any CPU.Build.0 = Debug|Any CPU
		{1DBBEDC1-9E99-4733-89F2-55A71AE108DF}.net_4_5_Debug|Any CPU.ActiveCfg = Debug|Any CPU
		{1DBBEDC1-9E99-4733-89F2-55A71AE108DF}.net_4_5_Debug|Any CPU.Build.0 = Debug|Any CPU
		{1DBBEDC1-9E99-4733-89F2-55A71AE108DF}.net_4_5_Release|Any CPU.ActiveCfg = Release|Any CPU
		{1DBBEDC1-9E99-4733-89F2-55A71AE108DF}.net_4_5_Release|Any CPU.Build.0 = Release|Any CPU
		{1DBBEDC1-9E99-4733-89F2-55A71AE108DF}.Release|Any CPU.ActiveCfg = Release|Any CPU
		{1DBBEDC1-9E99-4733-89F2-55A71AE108DF}.Release|Any CPU.Build.0 = Release|Any CPU
	EndGlobalSection
	GlobalSection(SolutionProperties) = preSolution
		HideSolutionNode = FALSE
	EndGlobalSection
EndGlobal
